
Microsoft Visual Studio Solution File, Format Version 12.00
# Visual Studio Version 17
VisualStudioVersion = 17.1.32319.34
MinimumVisualStudioVersion = 10.0.40219.1
Project("{FAE04EC0-301F-11D3-BF4B-00C04F79EFBC}") = "Motor_Gráfico", "Motor_Gráfico.csproj", "{C1F74B4B-5899-4F8C-AFE9-070941B04B1D}"
EndProject
Global
	GlobalSection(SolutionConfigurationPlatforms) = preSolution
		Debug|Any CPU = Debug|Any CPU
		Release|Any CPU = Release|Any CPU
	EndGlobalSection
	GlobalSection(ProjectConfigurationPlatforms) = postSolution
		{C1F74B4B-5899-4F8C-AFE9-070941B04B1D}.Debug|Any CPU.ActiveCfg = Debug|Any CPU
		{C1F74B4B-5899-4F8C-AFE9-070941B04B1D}.Debug|Any CPU.Build.0 = Debug|Any CPU
		{C1F74B4B-5899-4F8C-AFE9-070941B04B1D}.Release|Any CPU.ActiveCfg = Release|Any CPU
		{C1F74B4B-5899-4F8C-AFE9-070941B04B1D}.Release|Any CPU.Build.0 = Release|Any CPU
	EndGlobalSection
	GlobalSection(SolutionProperties) = preSolution
		HideSolutionNode = FALSE
	EndGlobalSection
	GlobalSection(ExtensibilityGlobals) = postSolution
		SolutionGuid = {C91532BF-AC6C-41FE-B99A-AF420B2CED1C}
	EndGlobalSection
EndGlobal
